
Microsoft Visual Studio Solution File, Format Version 12.00
# Visual Studio 15
VisualStudioVersion = 15.0.28010.2046
MinimumVisualStudioVersion = 10.0.40219.1
Project("{FAE04EC0-301F-11D3-BF4B-00C04F79EFBC}") = "NeuralNetwork_1", "NeuralNetwork_1\NeuralNetwork_1.csproj", "{D4FF1419-E8C5-4E48-A81D-0BBC1EC6B10C}"
EndProject
Global
	GlobalSection(SolutionConfigurationPlatforms) = preSolution
		Debug|Any CPU = Debug|Any CPU
		Release|Any CPU = Release|Any CPU
	EndGlobalSection
	GlobalSection(ProjectConfigurationPlatforms) = postSolution
		{D4FF1419-E8C5-4E48-A81D-0BBC1EC6B10C}.Debug|Any CPU.ActiveCfg = Debug|Any CPU
		{D4FF1419-E8C5-4E48-A81D-0BBC1EC6B10C}.Debug|Any CPU.Build.0 = Debug|Any CPU
		{D4FF1419-E8C5-4E48-A81D-0BBC1EC6B10C}.Release|Any CPU.ActiveCfg = Release|Any CPU
		{D4FF1419-E8C5-4E48-A81D-0BBC1EC6B10C}.Release|Any CPU.Build.0 = Release|Any CPU
	EndGlobalSection
	GlobalSection(SolutionProperties) = preSolution
		HideSolutionNode = FALSE
	EndGlobalSection
	GlobalSection(ExtensibilityGlobals) = postSolution
		SolutionGuid = {10B48C23-6381-4215-B56C-8C25B6E2143B}
	EndGlobalSection
EndGlobal
